<?xml version="1.0" encoding="utf-8"?>
<Project ToolsVersion="4.0" xmlns="http://schemas.microsoft.com/developer/msbuild/2003">
  <ItemGroup>
    <Filter Include="win32">
      <UniqueIdentifier>{84a8ebd7-7cf0-47f6-b75e-d441df67da40}</UniqueIdentifier>
    </Filter>
    <Filter Include="Classes">
      <UniqueIdentifier>{bb6c862e-70e9-49d9-81b7-3829a6f50471}</UniqueIdentifier>
    </Filter>
    <Filter Include="resource">
      <UniqueIdentifier>{715254bc-d70b-4ec5-bf29-467dd3ace079}</UniqueIdentifier>
    </Filter>
  </ItemGroup>
  <ItemGroup>
    <ClCompile Include="main.cpp">
      <Filter>win32</Filter>
    </ClCompile>
    <ClCompile Include="..\Classes\AppDelegate.cpp">
      <Filter>Classes</Filter>
    </ClCompile>
    <ClCompile Include="..\Classes\GameOverScene.cpp">
      <Filter>Classes</Filter>
    </ClCompile>
    <ClCompile Include="..\Classes\GameScene.cpp">
      <Filter>Classes</Filter>
    </ClCompile>
  </ItemGroup>
  <ItemGroup>
    <ClInclude Include="main.h">
      <Filter>win32</Filter>
    </ClInclude>
    <ClInclude Include="..\Classes\AppDelegate.h">
      <Filter>Classes</Filter>
    </ClInclude>
    <ClInclude Include="..\Classes\GameOverScene.h">
      <Filter>Classes</Filter>
    </ClInclude>
    <ClInclude Include="..\Classes\GameScene.h">
      <Filter>Classes</Filter>
    </ClInclude>
  </ItemGroup>
  <ItemGroup>
    <ResourceCompile Include="game.rc">
      <Filter>resource</Filter>
    </ResourceCompile>
  </ItemGroup>
  <ItemGroup>
    <Image Include="..\Resources\ball.png">
      <Filter>resource</Filter>
    </Image>
    <Image Include="..\Resources\bg.png">
      <Filter>resource</Filter>
    </Image>
    <Image Include="..\Resources\CloseNormal.png">
      <Filter>resource</Filter>
    </Image>
    <Image Include="..\Resources\CloseSelected.png">
      <Filter>resource</Filter>
    </Image>
    <Image Include="..\Resources\flag1.png">
      <Filter>resource</Filter>
    </Image>
    <Image Include="..\Resources\flag2.png">
      <Filter>resource</Filter>
    </Image>
    <Image Include="..\Resources\flag3.png">
      <Filter>resource</Filter>
    </Image>
    <Image Include="..\Resources\flag4.png">
      <Filter>resource</Filter>
    </Image>
    <Image Include="..\Resources\flag5.png">
      <Filter>resource</Filter>
    </Image>
    <Image Include="..\Resources\flag6.png">
      <Filter>resource</Filter>
    </Image>
    <Image Include="..\Resources\flag7.png">
      <Filter>resource</Filter>
    </Image>
    <Image Include="..\Resources\flag8.png">
      <Filter>resource</Filter>
    </Image>
    <Image Include="..\Resources\flag9.png">
      <Filter>resource</Filter>
    </Image>
    <Image Include="..\Resources\flag10.png">
      <Filter>resource</Filter>
    </Image>
    <Image Include="..\Resources\flag11.png">
      <Filter>resource</Filter>
    </Image>
    <Image Include="..\Resources\HelloWorld.png">
      <Filter>resource</Filter>
    </Image>
  </ItemGroup>
</Project>